code.hybscloud.com/atomix v0.1.4 h1:gPYNHi5OLgwVmzEZUodRxZHizTJttqZqj0U5qv/bxLA=
code.hybscloud.com/atomix v0.1.4/go.mod h1:TcdQUe1LNiCehnrjbOs+VlVv0LzYg7XzxW9m6nmPxMg=
code.hybscloud.com/iox v0.3.6 h1:8NX2eemmEO1F4P+R0h4gL1YA22Zi+ljD/5TxLsOw2go=
code.hybscloud.com/iox v0.3.6/go.mod h1:LNxkaP3I0NWbnV2ia5zye8VMrk9kRCGbeIRZR2eGePA=
code.hybscloud.com/kont v0.1.8 h1:SKpPhYNIcd7fkT4SDf0NJPheEiM/WJUhkkfTHUqJ3v0=
code.hybscloud.com/kont v0.1.8/go.mod h1:bSVvA1+WqivYN585w48d+f2q9zkYDJcdHQYywWFL9D4=
code.hybscloud.com/lfq v0.1.5 h1:TideaG7ik8BUnfx2QYtu4MA9f4ev6ptPCzyD2r3J8MY=
code.hybscloud.com/lfq v0.1.5/go.mod h1:n8VQpRuNVr4giO84CDSOwygx2rgUykGbf5w7H33k+8Q=
code.hybscloud.com/spin v0.1.6 h1:r8C+yyzriTVrktdgQcSGJKZ8qJ+eORkVDxba95/cBIU=
code.hybscloud.com/spin v0.1.6/go.mod h1:BSOZ7kI43eIPohSVPQXZRf/KJYtRW3gJx82CwyLM64g=
